
Microsoft Visual Studio Solution File, Format Version 12.00
# Visual Studio Version 16
VisualStudioVersion = 16.0.31424.327
MinimumVisualStudioVersion = 10.0.40219.1
Project("{FAE04EC0-301F-11D3-BF4B-00C04F79EFBC}") = "VideoStock", "VideoStock\VideoStock.csproj", "{558C9DBE-9E0F-49F9-BB72-33AC09B98ABB}"
EndProject
Global
	GlobalSection(SolutionConfigurationPlatforms) = preSolution
		Debug|Any CPU = Debug|Any CPU
		Release|Any CPU = Release|Any CPU
	EndGlobalSection
	GlobalSection(ProjectConfigurationPlatforms) = postSolution
		{558C9DBE-9E0F-49F9-BB72-33AC09B98ABB}.Debug|Any CPU.ActiveCfg = Debug|Any CPU
		{558C9DBE-9E0F-49F9-BB72-33AC09B98ABB}.Debug|Any CPU.Build.0 = Debug|Any CPU
		{558C9DBE-9E0F-49F9-BB72-33AC09B98ABB}.Release|Any CPU.ActiveCfg = Release|Any CPU
		{558C9DBE-9E0F-49F9-BB72-33AC09B98ABB}.Release|Any CPU.Build.0 = Release|Any CPU
	EndGlobalSection
	GlobalSection(SolutionProperties) = preSolution
		HideSolutionNode = FALSE
	EndGlobalSection
	GlobalSection(ExtensibilityGlobals) = postSolution
		SolutionGuid = {6FE9D1F6-34D2-4C90-B4A9-DA40EA33A184}
	EndGlobalSection
EndGlobal
